// !$*UTF8*$!
{
	archiveVersion = 1;
	classes = {
	};
	objectVersion = 46;
	objects = {

/* Begin PBXBuildFile section */
		9A5BA0D31A10990D00785778 /* Foundation.framework in Frameworks */ = {isa = PBXBuildFile; fileRef = 9A5BA0D21A10990D00785778 /* Foundation.framework */; };
		9A5BA0D51A10990D00785778 /* CoreGraphics.framework in Frameworks */ = {isa = PBXBuildFile; fileRef = 9A5BA0D41A10990D00785778 /* CoreGraphics.framework */; };
		9A5BA0D71A10990D00785778 /* UIKit.framework in Frameworks */ = {isa = PBXBuildFile; fileRef = 9A5BA0D61A10990D00785778 /* UIKit.framework */; };
		9A5BA0DD1A10990D00785778 /* InfoPlist.strings in Resources */ = {isa = PBXBuildFile; fileRef = 9A5BA0DB1A10990D00785778 /* InfoPlist.strings */; };
		9A5BA0DF1A10990D00785778 /* main.m in Sources */ = {isa = PBXBuildFile; fileRef = 9A5BA0DE1A10990D00785778 /* main.m */; };
		9A5BA0E31A10990D00785778 /* AppDelegate.m in Sources */ = {isa = PBXBuildFile; fileRef = 9A5BA0E21A10990D00785778 /* AppDelegate.m */; };
		9A5BA0E61A10990E00785778 /* Main.storyboard in Resources */ = {isa = PBXBuildFile; fileRef = 9A5BA0E41A10990E00785778 /* Main.storyboard */; };
		9A5BA0E91A10990E00785778 /* ViewController.m in Sources */ = {isa = PBXBuildFile; fileRef = 9A5BA0E81A10990E00785778 /* ViewController.m */; };
		9A5BA0EB1A10990E00785778 /* Images.xcassets in Resources */ = {isa = PBXBuildFile; fileRef = 9A5BA0EA1A10990E00785778 /* Images.xcassets */; };
		9A5BA0F21A10990E00785778 /* XCTest.framework in Frameworks */ = {isa = PBXBuildFile; fileRef = 9A5BA0F11A10990E00785778 /* XCTest.framework */; };
		9A5BA0F31A10990E00785778 /* Foundation.framework in Frameworks */ = {isa = PBXBuildFile; fileRef = 9A5BA0D21A10990D00785778 /* Foundation.framework */; };
		9A5BA0F41A10990E00785778 /* UIKit.framework in Frameworks */ = {isa = PBXBuildFile; fileRef = 9A5BA0D61A10990D00785778 /* UIKit.framework */; };
		9A5BA0FC1A10990E00785778 /* InfoPlist.strings in Resources */ = {isa = PBXBuildFile; fileRef = 9A5BA0FA1A10990E00785778 /* InfoPlist.strings */; };
		9A5BA0FE1A10990E00785778 /* judgeRandomNotNilAndDifferentTests.m in Sources */ = {isa = PBXBuildFile; fileRef = 9A5BA0FD1A10990E00785778 /* judgeRandomNotNilAndDifferentTests.m */; };
		9A5BA1181A10B4DB00785778 /* judgeResultTests.m in Sources */ = {isa = PBXBuildFile; fileRef = 9A5BA1171A10B4DA00785778 /* judgeResultTests.m */; };
		9A66A16E1A149FD9008CB31D /* AsJudgeCountAndExport.m in Sources */ = {isa = PBXBuildFile; fileRef = 9A66A16D1A149FD9008CB31D /* AsJudgeCountAndExport.m */; };
		9A66A1701A14AD4C008CB31D /* judgeCountShowResult.m in Sources */ = {isa = PBXBuildFile; fileRef = 9A66A16F1A14AD4B008CB31D /* judgeCountShowResult.m */; };
		9AA6C6771A130C2E00B74084 /* GameRuleViewController.m in Sources */ = {isa = PBXBuildFile; fileRef = 9AA6C6761A130C2E00B74084 /* GameRuleViewController.m */; };
		9AA6C67B1A131F1500B74084 /* AsJudgeResult.m in Sources */ = {isa = PBXBuildFile; fileRef = 9AA6C67A1A131F1500B74084 /* AsJudgeResult.m */; };
		9AA6C67E1A1320DA00B74084 /* AsGenerateRandom.m in Sources */ = {isa = PBXBuildFile; fileRef = 9AA6C67D1A1320DA00B74084 /* AsGenerateRandom.m */; };
/* End PBXBuildFile section */

/* Begin PBXContainerItemProxy section */
		9A5BA0F51A10990E00785778 /* PBXContainerItemProxy */ = {
			isa = PBXContainerItemProxy;
			containerPortal = 9A5BA0C71A10990D00785778 /* Project object */;
			proxyType = 1;
			remoteGlobalIDString = 9A5BA0CE1A10990D00785778;
			remoteInfo = NumberGame;
		};
/* End PBXContainerItemProxy section */

/* Begin PBXFileReference section */
		9A5BA0CF1A10990D00785778 /* NumberGame.app */ = {isa = PBXFileReference; explicitFileType = wrapper.application; includeInIndex = 0; path = NumberGame.app; sourceTree = BUILT_PRODUCTS_DIR; };
		9A5BA0D21A10990D00785778 /* Foundation.framework */ = {isa = PBXFileReference; lastKnownFileType = wrapper.framework; name = Foundation.framework; path = System/Library/Frameworks/Foundation.framework; sourceTree = SDKROOT; };
		9A5BA0D41A10990D00785778 /* CoreGraphics.framework */ = {isa = PBXFileReference; lastKnownFileType = wrapper.framework; name = CoreGraphics.framework; path = System/Library/Frameworks/CoreGraphics.framework; sourceTree = SDKROOT; };
		9A5BA0D61A10990D00785778 /* UIKit.framework */ = {isa = PBXFileReference; lastKnownFileType = wrapper.framework; name = UIKit.framework; path = System/Library/Frameworks/UIKit.framework; sourceTree = SDKROOT; };
		9A5BA0DA1A10990D00785778 /* NumberGame-Info.plist */ = {isa = PBXFileReference; lastKnownFileType = text.plist.xml; path = "NumberGame-Info.plist"; sourceTree = "<group>"; };
		9A5BA0DC1A10990D00785778 /* en */ = {isa = PBXFileReference; lastKnownFileType = text.plist.strings; name = en; path = en.lproj/InfoPlist.strings; sourceTree = "<group>"; };
		9A5BA0DE1A10990D00785778 /* main.m */ = {isa = PBXFileReference; lastKnownFileType = sourcecode.c.objc; path = main.m; sourceTree = "<group>"; };
		9A5BA0E01A10990D00785778 /* NumberGame-Prefix.pch */ = {isa = PBXFileReference; lastKnownFileType = sourcecode.c.h; path = "NumberGame-Prefix.pch"; sourceTree = "<group>"; };
		9A5BA0E11A10990D00785778 /* AppDelegate.h */ = {isa = PBXFileReference; lastKnownFileType = sourcecode.c.h; path = AppDelegate.h; sourceTree = "<group>"; };
		9A5BA0E21A10990D00785778 /* AppDelegate.m */ = {isa = PBXFileReference; lastKnownFileType = sourcecode.c.objc; path = AppDelegate.m; sourceTree = "<group>"; };
		9A5BA0E51A10990E00785778 /* Base */ = {isa = PBXFileReference; lastKnownFileType = file.storyboard; name = Base; path = Base.lproj/Main.storyboard; sourceTree = "<group>"; };
		9A5BA0E71A10990E00785778 /* ViewController.h */ = {isa = PBXFileReference; lastKnownFileType = sourcecode.c.h; path = ViewController.h; sourceTree = "<group>"; };
		9A5BA0E81A10990E00785778 /* ViewController.m */ = {isa = PBXFileReference; lastKnownFileType = sourcecode.c.objc; path = ViewController.m; sourceTree = "<group>"; };
		9A5BA0EA1A10990E00785778 /* Images.xcassets */ = {isa = PBXFileReference; lastKnownFileType = folder.assetcatalog; path = Images.xcassets; sourceTree = "<group>"; };
		9A5BA0F01A10990E00785778 /* NumberGameTests.xctest */ = {isa = PBXFileReference; explicitFileType = wrapper.cfbundle; includeInIndex = 0; path = NumberGameTests.xctest; sourceTree = BUILT_PRODUCTS_DIR; };
		9A5BA0F11A10990E00785778 /* XCTest.framework */ = {isa = PBXFileReference; lastKnownFileType = wrapper.framework; name = XCTest.framework; path = Library/Frameworks/XCTest.framework; sourceTree = DEVELOPER_DIR; };
		9A5BA0F91A10990E00785778 /* NumberGameTests-Info.plist */ = {isa = PBXFileReference; lastKnownFileType = text.plist.xml; path = "NumberGameTests-Info.plist"; sourceTree = "<group>"; };
		9A5BA0FB1A10990E00785778 /* en */ = {isa = PBXFileReference; lastKnownFileType = text.plist.strings; name = en; path = en.lproj/InfoPlist.strings; sourceTree = "<group>"; };
		9A5BA0FD1A10990E00785778 /* judgeRandomNotNilAndDifferentTests.m */ = {isa = PBXFileReference; lastKnownFileType = sourcecode.c.objc; path = judgeRandomNotNilAndDifferentTests.m; sourceTree = "<group>"; };
		9A5BA1171A10B4DA00785778 /* judgeResultTests.m */ = {isa = PBXFileReference; fileEncoding = 4; lastKnownFileType = sourcecode.c.objc; path = judgeResultTests.m; sourceTree = "<group>"; };
		9A66A16C1A149FD9008CB31D /* AsJudgeCountAndExport.h */ = {isa = PBXFileReference; fileEncoding = 4; lastKnownFileType = sourcecode.c.h; path = AsJudgeCountAndExport.h; sourceTree = "<group>"; };
		9A66A16D1A149FD9008CB31D /* AsJudgeCountAndExport.m */ = {isa = PBXFileReference; fileEncoding = 4; lastKnownFileType = sourcecode.c.objc; path = AsJudgeCountAndExport.m; sourceTree = "<group>"; };
		9A66A16F1A14AD4B008CB31D /* judgeCountShowResult.m */ = {isa = PBXFileReference; fileEncoding = 4; lastKnownFileType = sourcecode.c.objc; path = judgeCountShowResult.m; sourceTree = "<group>"; };
		9AA6C6751A130C2E00B74084 /* GameRuleViewController.h */ = {isa = PBXFileReference; fileEncoding = 4; lastKnownFileType = sourcecode.c.h; path = GameRuleViewController.h; sourceTree = "<group>"; };
		9AA6C6761A130C2E00B74084 /* GameRuleViewController.m */ = {isa = PBXFileReference; fileEncoding = 4; lastKnownFileType = sourcecode.c.objc; path = GameRuleViewController.m; sourceTree = "<group>"; };
		9AA6C6791A131F1500B74084 /* AsJudgeResult.h */ = {isa = PBXFileReference; fileEncoding = 4; lastKnownFileType = sourcecode.c.h; path = AsJudgeResult.h; sourceTree = "<group>"; };
		9AA6C67A1A131F1500B74084 /* AsJudgeResult.m */ = {isa = PBXFileReference; fileEncoding = 4; lastKnownFileType = sourcecode.c.objc; path = AsJudgeResult.m; sourceTree = "<group>"; };
		9AA6C67C1A1320DA00B74084 /* AsGenerateRandom.h */ = {isa = PBXFileReference; fileEncoding = 4; lastKnownFileType = sourcecode.c.h; path = AsGenerateRandom.h; sourceTree = "<group>"; };
		9AA6C67D1A1320DA00B74084 /* AsGenerateRandom.m */ = {isa = PBXFileReference; fileEncoding = 4; lastKnownFileType = sourcecode.c.objc; path = AsGenerateRandom.m; sourceTree = "<group>"; };
/* End PBXFileReference section */

/* Begin PBXFrameworksBuildPhase section */
		9A5BA0CC1A10990D00785778 /* Frameworks */ = {
			isa = PBXFrameworksBuildPhase;
			buildActionMask = 2147483647;
			files = (
				9A5BA0D51A10990D00785778 /* CoreGraphics.framework in Frameworks */,
				9A5BA0D71A10990D00785778 /* UIKit.framework in Frameworks */,
				9A5BA0D31A10990D00785778 /* Foundation.framework in Frameworks */,
			);
			runOnlyForDeploymentPostprocessing = 0;
		};
		9A5BA0ED1A10990E00785778 /* Frameworks */ = {
			isa = PBXFrameworksBuildPhase;
			buildActionMask = 2147483647;
			files = (
				9A5BA0F21A10990E00785778 /* XCTest.framework in Frameworks */,
				9A5BA0F41A10990E00785778 /* UIKit.framework in Frameworks */,
				9A5BA0F31A10990E00785778 /* Foundation.framework in Frameworks */,
			);
			runOnlyForDeploymentPostprocessing = 0;
		};
/* End PBXFrameworksBuildPhase section */

/* Begin PBXGroup section */
		9A4573E71A13910800E06B3A /* appDelegate */ = {
			isa = PBXGroup;
			children = (
				9A5BA0E11A10990D00785778 /* AppDelegate.h */,
				9A5BA0E21A10990D00785778 /* AppDelegate.m */,
			);
			name = appDelegate;
			sourceTree = "<group>";
		};
		9A4573E81A13914E00E06B3A /* ViewController */ = {
			isa = PBXGroup;
			children = (
				9A5BA0E71A10990E00785778 /* ViewController.h */,
				9A5BA0E81A10990E00785778 /* ViewController.m */,
				9AA6C6751A130C2E00B74084 /* GameRuleViewController.h */,
				9AA6C6761A130C2E00B74084 /* GameRuleViewController.m */,
			);
			name = ViewController;
			sourceTree = "<group>";
		};
		9A5BA0C61A10990D00785778 = {
			isa = PBXGroup;
			children = (
				9A5BA0D81A10990D00785778 /* NumberGame */,
				9A5BA0F71A10990E00785778 /* NumberGameTests */,
				9A5BA0D11A10990D00785778 /* Frameworks */,
				9A5BA0D01A10990D00785778 /* Products */,
			);
			sourceTree = "<group>";
		};
		9A5BA0D01A10990D00785778 /* Products */ = {
			isa = PBXGroup;
			children = (
				9A5BA0CF1A10990D00785778 /* NumberGame.app */,
				9A5BA0F01A10990E00785778 /* NumberGameTests.xctest */,
			);
			name = Products;
			sourceTree = "<group>";
		};
		9A5BA0D11A10990D00785778 /* Frameworks */ = {
			isa = PBXGroup;
			children = (
				9A5BA0D21A10990D00785778 /* Foundation.framework */,
				9A5BA0D41A10990D00785778 /* CoreGraphics.framework */,
				9A5BA0D61A10990D00785778 /* UIKit.framework */,
				9A5BA0F11A10990E00785778 /* XCTest.framework */,
			);
			name = Frameworks;
			sourceTree = "<group>";
		};
		9A5BA0D81A10990D00785778 /* NumberGame */ = {
			isa = PBXGroup;
			children = (
				9A4573E71A13910800E06B3A /* appDelegate */,
				9A4573E81A13914E00E06B3A /* ViewController */,
				9AA6C6781A131EAC00B74084 /* New Group */,
				9A5BA0E41A10990E00785778 /* Main.storyboard */,
				9A5BA0EA1A10990E00785778 /* Images.xcassets */,
				9A5BA0D91A10990D00785778 /* Supporting Files */,
			);
			path = NumberGame;
			sourceTree = "<group>";
		};
		9A5BA0D91A10990D00785778 /* Supporting Files */ = {
			isa = PBXGroup;
			children = (
				9A5BA0DA1A10990D00785778 /* NumberGame-Info.plist */,
				9A5BA0DB1A10990D00785778 /* InfoPlist.strings */,
				9A5BA0DE1A10990D00785778 /* main.m */,
				9A5BA0E01A10990D00785778 /* NumberGame-Prefix.pch */,
			);
			name = "Supporting Files";
			sourceTree = "<group>";
		};
		9A5BA0F71A10990E00785778 /* NumberGameTests */ = {
			isa = PBXGroup;
			children = (
				9A5BA0FD1A10990E00785778 /* judgeRandomNotNilAndDifferentTests.m */,
				9A5BA1171A10B4DA00785778 /* judgeResultTests.m */,
				9A66A16F1A14AD4B008CB31D /* judgeCountShowResult.m */,
				9A5BA0F81A10990E00785778 /* Supporting Files */,
			);
			path = NumberGameTests;
			sourceTree = "<group>";
		};
		9A5BA0F81A10990E00785778 /* Supporting Files */ = {
			isa = PBXGroup;
			children = (
				9A5BA0F91A10990E00785778 /* NumberGameTests-Info.plist */,
				9A5BA0FA1A10990E00785778 /* InfoPlist.strings */,
			);
			name = "Supporting Files";
			sourceTree = "<group>";
		};
		9AA6C6781A131EAC00B74084 /* New Group */ = {
			isa = PBXGroup;
			children = (
				9AA6C6791A131F1500B74084 /* AsJudgeResult.h */,
				9AA6C67A1A131F1500B74084 /* AsJudgeResult.m */,
				9AA6C67C1A1320DA00B74084 /* AsGenerateRandom.h */,
				9AA6C67D1A1320DA00B74084 /* AsGenerateRandom.m */,
				9A66A16C1A149FD9008CB31D /* AsJudgeCountAndExport.h */,
				9A66A16D1A149FD9008CB31D /* AsJudgeCountAndExport.m */,
			);
			name = "New Group";
			sourceTree = "<group>";
		};
/* End PBXGroup section */

/* Begin PBXNativeTarget section */
		9A5BA0CE1A10990D00785778 /* NumberGame */ = {
			isa = PBXNativeTarget;
			buildConfigurationList = 9A5BA1011A10990E00785778 /* Build configuration list for PBXNativeTarget "NumberGame" */;
			buildPhases = (
				9A5BA0CB1A10990D00785778 /* Sources */,
				9A5BA0CC1A10990D00785778 /* Frameworks */,
				9A5BA0CD1A10990D00785778 /* Resources */,
			);
			buildRules = (
			);
			dependencies = (
			);
			name = NumberGame;
			productName = NumberGame;
			productReference = 9A5BA0CF1A10990D00785778 /* NumberGame.app */;
			productType = "com.apple.product-type.application";
		};
		9A5BA0EF1A10990E00785778 /* NumberGameTests */ = {
			isa = PBXNativeTarget;
			buildConfigurationList = 9A5BA1041A10990E00785778 /* Build configuration list for PBXNativeTarget "NumberGameTests" */;
			buildPhases = (
				9A5BA0EC1A10990E00785778 /* Sources */,
				9A5BA0ED1A10990E00785778 /* Frameworks */,
				9A5BA0EE1A10990E00785778 /* Resources */,
			);
			buildRules = (
			);
			dependencies = (
				9A5BA0F61A10990E00785778 /* PBXTargetDependency */,
			);
			name = NumberGameTests;
			productName = NumberGameTests;
			productReference = 9A5BA0F01A10990E00785778 /* NumberGameTests.xctest */;
			productType = "com.apple.product-type.bundle.unit-test";
		};
/* End PBXNativeTarget section */

/* Begin PBXProject section */
		9A5BA0C71A10990D00785778 /* Project object */ = {
			isa = PBXProject;
			attributes = {
				LastUpgradeCheck = 0510;
				ORGANIZATIONNAME = "黄晓彤";
				TargetAttributes = {
					9A5BA0EF1A10990E00785778 = {
						TestTargetID = 9A5BA0CE1A10990D00785778;
					};
				};
			};
			buildConfigurationList = 9A5BA0CA1A10990D00785778 /* Build configuration list for PBXProject "NumberGame" */;
			compatibilityVersion = "Xcode 3.2";
			developmentRegion = English;
			hasScannedForEncodings = 0;
			knownRegions = (
				en,
				Base,
			);
			mainGroup = 9A5BA0C61A10990D00785778;
			productRefGroup = 9A5BA0D01A10990D00785778 /* Products */;
			projectDirPath = "";
			projectRoot = "";
			targets = (
				9A5BA0CE1A10990D00785778 /* NumberGame */,
				9A5BA0EF1A10990E00785778 /* NumberGameTests */,
			);
		};
/* End PBXProject section */

/* Begin PBXResourcesBuildPhase section */
		9A5BA0CD1A10990D00785778 /* Resources */ = {
			isa = PBXResourcesBuildPhase;
			buildActionMask = 2147483647;
			files = (
				9A5BA0EB1A10990E00785778 /* Images.xcassets in Resources */,
				9A5BA0DD1A10990D00785778 /* InfoPlist.strings in Resources */,
				9A5BA0E61A10990E00785778 /* Main.storyboard in Resources */,
			);
			runOnlyForDeploymentPostprocessing = 0;
		};
		9A5BA0EE1A10990E00785778 /* Resources */ = {
			isa = PBXResourcesBuildPhase;
			buildActionMask = 2147483647;
			files = (
				9A5BA0FC1A10990E00785778 /* InfoPlist.strings in Resources */,
			);
			runOnlyForDeploymentPostprocessing = 0;
		};
/* End PBXResourcesBuildPhase section */

/* Begin PBXSourcesBuildPhase section */
		9A5BA0CB1A10990D00785778 /* Sources */ = {
			isa = PBXSourcesBuildPhase;
			buildActionMask = 2147483647;
			files = (
				9AA6C67B1A131F1500B74084 /* AsJudgeResult.m in Sources */,
				9AA6C67E1A1320DA00B74084 /* AsGenerateRandom.m in Sources */,
				9A66A16E1A149FD9008CB31D /* AsJudgeCountAndExport.m in Sources */,
				9AA6C6771A130C2E00B74084 /* GameRuleViewController.m in Sources */,
				9A5BA0E91A10990E00785778 /* ViewController.m in Sources */,
				9A5BA0E31A10990D00785778 /* AppDelegate.m in Sources */,
				9A5BA0DF1A10990D00785778 /* main.m in Sources */,
			);
			runOnlyForDeploymentPostprocessing = 0;
		};
		9A5BA0EC1A10990E00785778 /* Sources */ = {
			isa = PBXSourcesBuildPhase;
			buildActionMask = 2147483647;
			files = (
				9A5BA0FE1A10990E00785778 /* judgeRandomNotNilAndDifferentTests.m in Sources */,
				9A66A1701A14AD4C008CB31D /* judgeCountShowResult.m in Sources */,
				9A5BA1181A10B4DB00785778 /* judgeResultTests.m in Sources */,
			);
			runOnlyForDeploymentPostprocessing = 0;
		};
/* End PBXSourcesBuildPhase section */

/* Begin PBXTargetDependency section */
		9A5BA0F61A10990E00785778 /* PBXTargetDependency */ = {
			isa = PBXTargetDependency;
			target = 9A5BA0CE1A10990D00785778 /* NumberGame */;
			targetProxy = 9A5BA0F51A10990E00785778 /* PBXContainerItemProxy */;
		};
/* End PBXTargetDependency section */

/* Begin PBXVariantGroup section */
		9A5BA0DB1A10990D00785778 /* InfoPlist.strings */ = {
			isa = PBXVariantGroup;
			children = (
				9A5BA0DC1A10990D00785778 /* en */,
			);
			name = InfoPlist.strings;
			sourceTree = "<group>";
		};
		9A5BA0E41A10990E00785778 /* Main.storyboard */ = {
			isa = PBXVariantGroup;
			children = (
				9A5BA0E51A10990E00785778 /* Base */,
			);
			name = Main.storyboard;
			sourceTree = "<group>";
		};
		9A5BA0FA1A10990E00785778 /* InfoPlist.strings */ = {
			isa = PBXVariantGroup;
			children = (
				9A5BA0FB1A10990E00785778 /* en */,
			);
			name = InfoPlist.strings;
			sourceTree = "<group>";
		};
/* End PBXVariantGroup section */

/* Begin XCBuildConfiguration section */
		9A5BA0FF1A10990E00785778 /* Debug */ = {
			isa = XCBuildConfiguration;
			buildSettings = {
				ALWAYS_SEARCH_USER_PATHS = NO;
				CLANG_CXX_LANGUAGE_STANDARD = "gnu++0x";
				CLANG_CXX_LIBRARY = "libc++";
				CLANG_ENABLE_MODULES = YES;
				CLANG_ENABLE_OBJC_ARC = YES;
				CLANG_WARN_BOOL_CONVERSION = YES;
				CLANG_WARN_CONSTANT_CONVERSION = YES;
				CLANG_WARN_DIRECT_OBJC_ISA_USAGE = YES_ERROR;
				CLANG_WARN_EMPTY_BODY = YES;
				CLANG_WARN_ENUM_CONVERSION = YES;
				CLANG_WARN_INT_CONVERSION = YES;
				CLANG_WARN_OBJC_ROOT_CLASS = YES_ERROR;
				CLANG_WARN__DUPLICATE_METHOD_MATCH = YES;
				"CODE_SIGN_IDENTITY[sdk=iphoneos*]" = "iPhone Developer";
				COPY_PHASE_STRIP = NO;
				GCC_C_LANGUAGE_STANDARD = gnu99;
				GCC_DYNAMIC_NO_PIC = NO;
				GCC_OPTIMIZATION_LEVEL = 0;
				GCC_PREPROCESSOR_DEFINITIONS = (
					"DEBUG=1",
					"$(inherited)",
				);
				GCC_SYMBOLS_PRIVATE_EXTERN = NO;
				GCC_WARN_64_TO_32_BIT_CONVERSION = YES;
				GCC_WARN_ABOUT_RETURN_TYPE = YES_ERROR;
				GCC_WARN_UNDECLARED_SELECTOR = YES;
				GCC_WARN_UNINITIALIZED_AUTOS = YES_AGGRESSIVE;
				GCC_WARN_UNUSED_FUNCTION = YES;
				GCC_WARN_UNUSED_VARIABLE = YES;
				IPHONEOS_DEPLOYMENT_TARGET = 7.1;
				ONLY_ACTIVE_ARCH = YES;
				SDKROOT = iphoneos;
			};
			name = Debug;
		};
		9A5BA1001A10990E00785778 /* Release */ = {
			isa = XCBuildConfiguration;
			buildSettings = {
				ALWAYS_SEARCH_USER_PATHS = NO;
				CLANG_CXX_LANGUAGE_STANDARD = "gnu++0x";
				CLANG_CXX_LIBRARY = "libc++";
				CLANG_ENABLE_MODULES = YES;
				CLANG_ENABLE_OBJC_ARC = YES;
				CLANG_WARN_BOOL_CONVERSION = YES;
				CLANG_WARN_CONSTANT_CONVERSION = YES;
				CLANG_WARN_DIRECT_OBJC_ISA_USAGE = YES_ERROR;
				CLANG_WARN_EMPTY_BODY = YES;
				CLANG_WARN_ENUM_CONVERSION = YES;
				CLANG_WARN_INT_CONVERSION = YES;
				CLANG_WARN_OBJC_ROOT_CLASS = YES_ERROR;
				CLANG_WARN__DUPLICATE_METHOD_MATCH = YES;
				"CODE_SIGN_IDENTITY[sdk=iphoneos*]" = "iPhone Developer";
				COPY_PHASE_STRIP = YES;
				ENABLE_NS_ASSERTIONS = NO;
				GCC_C_LANGUAGE_STANDARD = gnu99;
				GCC_WARN_64_TO_32_BIT_CONVERSION = YES;
				GCC_WARN_ABOUT_RETURN_TYPE = YES_ERROR;
				GCC_WARN_UNDECLARED_SELECTOR = YES;
				GCC_WARN_UNINITIALIZED_AUTOS = YES_AGGRESSIVE;
				GCC_WARN_UNUSED_FUNCTION = YES;
				GCC_WARN_UNUSED_VARIABLE = YES;
				IPHONEOS_DEPLOYMENT_TARGET = 7.1;
				SDKROOT = iphoneos;
				VALIDATE_PRODUCT = YES;
			};
			name = Release;
		};
		9A5BA1021A10990E00785778 /* Debug */ = {
			isa = XCBuildConfiguration;
			buildSettings = {
				ASSETCATALOG_COMPILER_APPICON_NAME = AppIcon;
				ASSETCATALOG_COMPILER_LAUNCHIMAGE_NAME = LaunchImage;
				GCC_PRECOMPILE_PREFIX_HEADER = YES;
				GCC_PREFIX_HEADER = "NumberGame/NumberGame-Prefix.pch";
				INFOPLIST_FILE = "NumberGame/NumberGame-Info.plist";
				PRODUCT_NAME = "$(TARGET_NAME)";
				WRAPPER_EXTENSION = app;
			};
			name = Debug;
		};
		9A5BA1031A10990E00785778 /* Release */ = {
			isa = XCBuildConfiguration;
			buildSettings = {
				ASSETCATALOG_COMPILER_APPICON_NAME = AppIcon;
				ASSETCATALOG_COMPILER_LAUNCHIMAGE_NAME = LaunchImage;
				GCC_PRECOMPILE_PREFIX_HEADER = YES;
				GCC_PREFIX_HEADER = "NumberGame/NumberGame-Prefix.pch";
				INFOPLIST_FILE = "NumberGame/NumberGame-Info.plist";
				PRODUCT_NAME = "$(TARGET_NAME)";
				WRAPPER_EXTENSION = app;
			};
			name = Release;
		};
		9A5BA1051A10990E00785778 /* Debug */ = {
			isa = XCBuildConfiguration;
			buildSettings = {
				BUNDLE_LOADER = "$(BUILT_PRODUCTS_DIR)/NumberGame.app/NumberGame";
				FRAMEWORK_SEARCH_PATHS = (
					"$(SDKROOT)/Developer/Library/Frameworks",
					"$(inherited)",
					"$(DEVELOPER_FRAMEWORKS_DIR)",
				);
				GCC_PRECOMPILE_PREFIX_HEADER = YES;
				GCC_PREFIX_HEADER = "NumberGame/NumberGame-Prefix.pch";
				GCC_PREPROCESSOR_DEFINITIONS = (
					"DEBUG=1",
					"$(inherited)",
				);
				INFOPLIST_FILE = "NumberGameTests/NumberGameTests-Info.plist";
				PRODUCT_NAME = "$(TARGET_NAME)";
				TEST_HOST = "$(BUNDLE_LOADER)";
				WRAPPER_EXTENSION = xctest;
			};
			name = Debug;
		};
		9A5BA1061A10990E00785778 /* Release */ = {
			isa = XCBuildConfiguration;
			buildSettings = {
				BUNDLE_LOADER = "$(BUILT_PRODUCTS_DIR)/NumberGame.app/NumberGame";
				FRAMEWORK_SEARCH_PATHS = (
					"$(SDKROOT)/Developer/Library/Frameworks",
					"$(inherited)",
					"$(DEVELOPER_FRAMEWORKS_DIR)",
				);
				GCC_PRECOMPILE_PREFIX_HEADER = YES;
				GCC_PREFIX_HEADER = "NumberGame/NumberGame-Prefix.pch";
				INFOPLIST_FILE = "NumberGameTests/NumberGameTests-Info.plist";
				PRODUCT_NAME = "$(TARGET_NAME)";
				TEST_HOST = "$(BUNDLE_LOADER)";
				WRAPPER_EXTENSION = xctest;
			};
			name = Release;
		};
/* End XCBuildConfiguration section */

/* Begin XCConfigurationList section */
		9A5BA0CA1A10990D00785778 /* Build configuration list for PBXProject "NumberGame" */ = {
			isa = XCConfigurationList;
			buildConfigurations = (
				9A5BA0FF1A10990E00785778 /* Debug */,
				9A5BA1001A10990E00785778 /* Release */,
			);
			defaultConfigurationIsVisible = 0;
			defaultConfigurationName = Release;
		};
		9A5BA1011A10990E00785778 /* Build configuration list for PBXNativeTarget "NumberGame" */ = {
			isa = XCConfigurationList;
			buildConfigurations = (
				9A5BA1021A10990E00785778 /* Debug */,
				9A5BA1031A10990E00785778 /* Release */,
			);
			defaultConfigurationIsVisible = 0;
			defaultConfigurationName = Release;
		};
		9A5BA1041A10990E00785778 /* Build configuration list for PBXNativeTarget "NumberGameTests" */ = {
			isa = XCConfigurationList;
			buildConfigurations = (
				9A5BA1051A10990E00785778 /* Debug */,
				9A5BA1061A10990E00785778 /* Release */,
			);
			defaultConfigurationIsVisible = 0;
			defaultConfigurationName = Release;
		};
/* End XCConfigurationList section */
	};
	rootObject = 9A5BA0C71A10990D00785778 /* Project object */;
}
